
Microsoft Visual Studio Solution File, Format Version 12.00
# Visual Studio Version 17
VisualStudioVersion = 17.0.32002.185
MinimumVisualStudioVersion = 10.0.40219.1
Project("{9A19103F-16F7-4668-BE54-9A1E7A4F7556}") = "Test_Task2", "Test_Task2\Test_Task2.csproj", "{3F5AF147-2A6C-41EF-9AB9-063F3A6E1071}"
	ProjectSection(ProjectDependencies) = postProject
		{4F49BB1E-3AA8-457D-A619-F3B97161245A} = {4F49BB1E-3AA8-457D-A619-F3B97161245A}
	EndProjectSection
EndProject
Project("{9A19103F-16F7-4668-BE54-9A1E7A4F7556}") = "ServiceA", "ServiceApplication\ServiceA.csproj", "{8CA52CBF-6E5E-437B-8A2A-99B4A5A4E1E7}"
EndProject
Project("{9A19103F-16F7-4668-BE54-9A1E7A4F7556}") = "ServiceB", "ServiceB\ServiceB.csproj", "{4F49BB1E-3AA8-457D-A619-F3B97161245A}"
EndProject
Global
	GlobalSection(SolutionConfigurationPlatforms) = preSolution
		Debug|Any CPU = Debug|Any CPU
		Release|Any CPU = Release|Any CPU
	EndGlobalSection
	GlobalSection(ProjectConfigurationPlatforms) = postSolution
		{3F5AF147-2A6C-41EF-9AB9-063F3A6E1071}.Debug|Any CPU.ActiveCfg = Debug|Any CPU
		{3F5AF147-2A6C-41EF-9AB9-063F3A6E1071}.Debug|Any CPU.Build.0 = Debug|Any CPU
		{3F5AF147-2A6C-41EF-9AB9-063F3A6E1071}.Release|Any CPU.ActiveCfg = Release|Any CPU
		{3F5AF147-2A6C-41EF-9AB9-063F3A6E1071}.Release|Any CPU.Build.0 = Release|Any CPU
		{8CA52CBF-6E5E-437B-8A2A-99B4A5A4E1E7}.Debug|Any CPU.ActiveCfg = Debug|Any CPU
		{8CA52CBF-6E5E-437B-8A2A-99B4A5A4E1E7}.Debug|Any CPU.Build.0 = Debug|Any CPU
		{8CA52CBF-6E5E-437B-8A2A-99B4A5A4E1E7}.Release|Any CPU.ActiveCfg = Release|Any CPU
		{8CA52CBF-6E5E-437B-8A2A-99B4A5A4E1E7}.Release|Any CPU.Build.0 = Release|Any CPU
		{4F49BB1E-3AA8-457D-A619-F3B97161245A}.Debug|Any CPU.ActiveCfg = Debug|Any CPU
		{4F49BB1E-3AA8-457D-A619-F3B97161245A}.Debug|Any CPU.Build.0 = Debug|Any CPU
		{4F49BB1E-3AA8-457D-A619-F3B97161245A}.Release|Any CPU.ActiveCfg = Release|Any CPU
		{4F49BB1E-3AA8-457D-A619-F3B97161245A}.Release|Any CPU.Build.0 = Release|Any CPU
	EndGlobalSection
	GlobalSection(SolutionProperties) = preSolution
		HideSolutionNode = FALSE
	EndGlobalSection
	GlobalSection(ExtensibilityGlobals) = postSolution
		SolutionGuid = {BC892334-3314-4404-BAE2-52989B6BCE26}
	EndGlobalSection
EndGlobal
